
Microsoft Visual Studio Solution File, Format Version 12.00
# Visual Studio Version 16
VisualStudioVersion = 16.0.31019.35
MinimumVisualStudioVersion = 10.0.40219.1
Project("{9A19103F-16F7-4668-BE54-9A1E7A4F7556}") = "Addicted", "Addicted\Addicted.csproj", "{38B145B8-CB33-4E4A-8C65-58EC932AF06A}"
EndProject
Project("{FAE04EC0-301F-11D3-BF4B-00C04F79EFBC}") = "Addicted.IntegrationTest", "Addicted.IntegrationTest\Addicted.IntegrationTest.csproj", "{53954422-AFC8-48A2-8582-A84585663088}"
EndProject
Global
	GlobalSection(SolutionConfigurationPlatforms) = preSolution
		Debug|Any CPU = Debug|Any CPU
		Release|Any CPU = Release|Any CPU
	EndGlobalSection
	GlobalSection(ProjectConfigurationPlatforms) = postSolution
		{38B145B8-CB33-4E4A-8C65-58EC932AF06A}.Debug|Any CPU.ActiveCfg = Debug|Any CPU
		{38B145B8-CB33-4E4A-8C65-58EC932AF06A}.Debug|Any CPU.Build.0 = Debug|Any CPU
		{38B145B8-CB33-4E4A-8C65-58EC932AF06A}.Release|Any CPU.ActiveCfg = Release|Any CPU
		{38B145B8-CB33-4E4A-8C65-58EC932AF06A}.Release|Any CPU.Build.0 = Release|Any CPU
		{53954422-AFC8-48A2-8582-A84585663088}.Debug|Any CPU.ActiveCfg = Debug|Any CPU
		{53954422-AFC8-48A2-8582-A84585663088}.Debug|Any CPU.Build.0 = Debug|Any CPU
		{53954422-AFC8-48A2-8582-A84585663088}.Release|Any CPU.ActiveCfg = Release|Any CPU
		{53954422-AFC8-48A2-8582-A84585663088}.Release|Any CPU.Build.0 = Release|Any CPU
	EndGlobalSection
	GlobalSection(SolutionProperties) = preSolution
		HideSolutionNode = FALSE
	EndGlobalSection
	GlobalSection(ExtensibilityGlobals) = postSolution
		SolutionGuid = {B0A5C0AE-88A0-488F-9950-3474D08BA076}
	EndGlobalSection
EndGlobal
